
Microsoft Visual Studio Solution File, Format Version 12.00
# Visual Studio Version 17
VisualStudioVersion = 17.6.33829.357
MinimumVisualStudioVersion = 10.0.40219.1
Project("{9A19103F-16F7-4668-BE54-9A1E7A4F7556}") = "EventManagement_Project", "EventManagement_Project\EventManagement_Project.csproj", "{23DE24A0-FB3A-4D67-8E39-8F5F1B71440E}"
EndProject
Global
	GlobalSection(SolutionConfigurationPlatforms) = preSolution
		Debug|Any CPU = Debug|Any CPU
		Release|Any CPU = Release|Any CPU
	EndGlobalSection
	GlobalSection(ProjectConfigurationPlatforms) = postSolution
		{23DE24A0-FB3A-4D67-8E39-8F5F1B71440E}.Debug|Any CPU.ActiveCfg = Debug|Any CPU
		{23DE24A0-FB3A-4D67-8E39-8F5F1B71440E}.Debug|Any CPU.Build.0 = Debug|Any CPU
		{23DE24A0-FB3A-4D67-8E39-8F5F1B71440E}.Release|Any CPU.ActiveCfg = Release|Any CPU
		{23DE24A0-FB3A-4D67-8E39-8F5F1B71440E}.Release|Any CPU.Build.0 = Release|Any CPU
	EndGlobalSection
	GlobalSection(SolutionProperties) = preSolution
		HideSolutionNode = FALSE
	EndGlobalSection
	GlobalSection(ExtensibilityGlobals) = postSolution
		SolutionGuid = {BD8B8AEE-7B94-4CEF-B7D8-57FE51F008C0}
	EndGlobalSection
EndGlobal
